
Microsoft Visual Studio Solution File, Format Version 12.00
# Visual Studio Version 17
VisualStudioVersion = 17.14.36408.4 d17.14
MinimumVisualStudioVersion = 10.0.40219.1
Project("{FAE04EC0-301F-11D3-BF4B-00C04F79EFBC}") = "WebMicroondas", "WebMicroondas\WebMicroondas.csproj", "{C5332A23-E9B5-4D0F-9592-9FF84091698A}"
EndProject
Global
	GlobalSection(SolutionConfigurationPlatforms) = preSolution
		Debug|Any CPU = Debug|Any CPU
		Release|Any CPU = Release|Any CPU
	EndGlobalSection
	GlobalSection(ProjectConfigurationPlatforms) = postSolution
		{C5332A23-E9B5-4D0F-9592-9FF84091698A}.Debug|Any CPU.ActiveCfg = Debug|Any CPU
		{C5332A23-E9B5-4D0F-9592-9FF84091698A}.Debug|Any CPU.Build.0 = Debug|Any CPU
		{C5332A23-E9B5-4D0F-9592-9FF84091698A}.Release|Any CPU.ActiveCfg = Release|Any CPU
		{C5332A23-E9B5-4D0F-9592-9FF84091698A}.Release|Any CPU.Build.0 = Release|Any CPU
	EndGlobalSection
	GlobalSection(SolutionProperties) = preSolution
		HideSolutionNode = FALSE
	EndGlobalSection
	GlobalSection(ExtensibilityGlobals) = postSolution
		SolutionGuid = {D66B4F94-512E-4B54-91D8-602DC9F5B067}
	EndGlobalSection
EndGlobal
